
Microsoft Visual Studio Solution File, Format Version 12.00
# Visual Studio Version 17
VisualStudioVersion = 17.7.34018.315
MinimumVisualStudioVersion = 10.0.40219.1
Project("{9A19103F-16F7-4668-BE54-9A1E7A4F7556}") = "PhoneBookAPI", "PhoneBookAPI.csproj", "{BBDF5D56-F0A9-48F7-B026-E8641B5B8779}"
EndProject
Project("{FAE04EC0-301F-11D3-BF4B-00C04F79EFBC}") = "PhoneBookTests", "..\PhoneBookTests\PhoneBookTests.csproj", "{1A803385-C6D8-4354-8845-2F7D60D15D85}"
EndProject
Global
	GlobalSection(SolutionConfigurationPlatforms) = preSolution
		Debug|Any CPU = Debug|Any CPU
		Release|Any CPU = Release|Any CPU
	EndGlobalSection
	GlobalSection(ProjectConfigurationPlatforms) = postSolution
		{BBDF5D56-F0A9-48F7-B026-E8641B5B8779}.Debug|Any CPU.ActiveCfg = Debug|Any CPU
		{BBDF5D56-F0A9-48F7-B026-E8641B5B8779}.Debug|Any CPU.Build.0 = Debug|Any CPU
		{BBDF5D56-F0A9-48F7-B026-E8641B5B8779}.Release|Any CPU.ActiveCfg = Release|Any CPU
		{BBDF5D56-F0A9-48F7-B026-E8641B5B8779}.Release|Any CPU.Build.0 = Release|Any CPU
		{1A803385-C6D8-4354-8845-2F7D60D15D85}.Debug|Any CPU.ActiveCfg = Debug|Any CPU
		{1A803385-C6D8-4354-8845-2F7D60D15D85}.Debug|Any CPU.Build.0 = Debug|Any CPU
		{1A803385-C6D8-4354-8845-2F7D60D15D85}.Release|Any CPU.ActiveCfg = Release|Any CPU
		{1A803385-C6D8-4354-8845-2F7D60D15D85}.Release|Any CPU.Build.0 = Release|Any CPU
	EndGlobalSection
	GlobalSection(SolutionProperties) = preSolution
		HideSolutionNode = FALSE
	EndGlobalSection
	GlobalSection(ExtensibilityGlobals) = postSolution
		SolutionGuid = {C94FA240-AFE0-4A10-95AB-4FCE5F8A4DD8}
	EndGlobalSection
EndGlobal
